
Microsoft Visual Studio Solution File, Format Version 12.00
# Visual Studio 15
VisualStudioVersion = 15.0.27703.2018
MinimumVisualStudioVersion = 10.0.40219.1
Project("{9092AA53-FB77-4645-B42D-1CCCA6BD08BD}") = "webpack-library-starter", "webpack-library-starter\webpack-library-starter.njsproj", "{23DD5A4C-5CE2-411C-AFE8-641B7D7271FA}"
EndProject
Global
	GlobalSection(SolutionConfigurationPlatforms) = preSolution
		Debug|Any CPU = Debug|Any CPU
		Release|Any CPU = Release|Any CPU
	EndGlobalSection
	GlobalSection(ProjectConfigurationPlatforms) = postSolution
		{23DD5A4C-5CE2-411C-AFE8-641B7D7271FA}.Debug|Any CPU.ActiveCfg = Debug|Any CPU
		{23DD5A4C-5CE2-411C-AFE8-641B7D7271FA}.Debug|Any CPU.Build.0 = Debug|Any CPU
		{23DD5A4C-5CE2-411C-AFE8-641B7D7271FA}.Release|Any CPU.ActiveCfg = Release|Any CPU
		{23DD5A4C-5CE2-411C-AFE8-641B7D7271FA}.Release|Any CPU.Build.0 = Release|Any CPU
	EndGlobalSection
	GlobalSection(SolutionProperties) = preSolution
		HideSolutionNode = FALSE
	EndGlobalSection
	GlobalSection(ExtensibilityGlobals) = postSolution
		SolutionGuid = {7DC71628-E39A-4B57-90A2-9BAD68E79491}
	EndGlobalSection
EndGlobal
